// !$*UTF8*$!
{
	archiveVersion = 1;
	classes = {
	};
	objectVersion = 46;
	objects = {

/* Begin PBXBuildFile section */
		E4D8B009178809F70070CBFC /* UIKit.framework in Frameworks */ = {isa = PBXBuildFile; fileRef = E4D8B008178809F70070CBFC /* UIKit.framework */; };
		E4D8B00B178809F70070CBFC /* Foundation.framework in Frameworks */ = {isa = PBXBuildFile; fileRef = E4D8B00A178809F70070CBFC /* Foundation.framework */; };
		E4D8B00D178809F70070CBFC /* CoreGraphics.framework in Frameworks */ = {isa = PBXBuildFile; fileRef = E4D8B00C178809F70070CBFC /* CoreGraphics.framework */; };
		E4D8B013178809F70070CBFC /* InfoPlist.strings in Resources */ = {isa = PBXBuildFile; fileRef = E4D8B011178809F70070CBFC /* InfoPlist.strings */; };
		E4D8B015178809F70070CBFC /* main.m in Sources */ = {isa = PBXBuildFile; fileRef = E4D8B014178809F70070CBFC /* main.m */; };
		E4D8B019178809F70070CBFC /* AppDelegate.m in Sources */ = {isa = PBXBuildFile; fileRef = E4D8B018178809F70070CBFC /* AppDelegate.m */; };
		E4D8B01B178809F70070CBFC /* Default.png in Resources */ = {isa = PBXBuildFile; fileRef = E4D8B01A178809F70070CBFC /* Default.png */; };
		E4D8B01D178809F70070CBFC /* Default@2x.png in Resources */ = {isa = PBXBuildFile; fileRef = E4D8B01C178809F70070CBFC /* Default@2x.png */; };
		E4D8B01F178809F70070CBFC /* Default-568h@2x.png in Resources */ = {isa = PBXBuildFile; fileRef = E4D8B01E178809F70070CBFC /* Default-568h@2x.png */; };
		E4D8B022178809F70070CBFC /* MainStoryboard_iPhone.storyboard in Resources */ = {isa = PBXBuildFile; fileRef = E4D8B020178809F70070CBFC /* MainStoryboard_iPhone.storyboard */; };
		E4D8B025178809F70070CBFC /* MainStoryboard_iPad.storyboard in Resources */ = {isa = PBXBuildFile; fileRef = E4D8B023178809F70070CBFC /* MainStoryboard_iPad.storyboard */; };
		E4D8B028178809F70070CBFC /* ViewController.m in Sources */ = {isa = PBXBuildFile; fileRef = E4D8B027178809F70070CBFC /* ViewController.m */; };
		E4D8B03117880A4F0070CBFC /* team_dictionary.plist in Resources */ = {isa = PBXBuildFile; fileRef = E4D8B03017880A4F0070CBFC /* team_dictionary.plist */; };
/* End PBXBuildFile section */

/* Begin PBXFileReference section */
		E4D8B005178809F70070CBFC /* TableView5.3.1.app */ = {isa = PBXFileReference; explicitFileType = wrapper.application; includeInIndex = 0; path = TableView5.3.1.app; sourceTree = BUILT_PRODUCTS_DIR; };
		E4D8B008178809F70070CBFC /* UIKit.framework */ = {isa = PBXFileReference; lastKnownFileType = wrapper.framework; name = UIKit.framework; path = System/Library/Frameworks/UIKit.framework; sourceTree = SDKROOT; };
		E4D8B00A178809F70070CBFC /* Foundation.framework */ = {isa = PBXFileReference; lastKnownFileType = wrapper.framework; name = Foundation.framework; path = System/Library/Frameworks/Foundation.framework; sourceTree = SDKROOT; };
		E4D8B00C178809F70070CBFC /* CoreGraphics.framework */ = {isa = PBXFileReference; lastKnownFileType = wrapper.framework; name = CoreGraphics.framework; path = System/Library/Frameworks/CoreGraphics.framework; sourceTree = SDKROOT; };
		E4D8B010178809F70070CBFC /* TableView5.3.1-Info.plist */ = {isa = PBXFileReference; lastKnownFileType = text.plist.xml; path = "TableView5.3.1-Info.plist"; sourceTree = "<group>"; };
		E4D8B012178809F70070CBFC /* en */ = {isa = PBXFileReference; lastKnownFileType = text.plist.strings; name = en; path = en.lproj/InfoPlist.strings; sourceTree = "<group>"; };
		E4D8B014178809F70070CBFC /* main.m */ = {isa = PBXFileReference; lastKnownFileType = sourcecode.c.objc; path = main.m; sourceTree = "<group>"; };
		E4D8B016178809F70070CBFC /* TableView5.3.1-Prefix.pch */ = {isa = PBXFileReference; lastKnownFileType = sourcecode.c.h; path = "TableView5.3.1-Prefix.pch"; sourceTree = "<group>"; };
		E4D8B017178809F70070CBFC /* AppDelegate.h */ = {isa = PBXFileReference; lastKnownFileType = sourcecode.c.h; path = AppDelegate.h; sourceTree = "<group>"; };
		E4D8B018178809F70070CBFC /* AppDelegate.m */ = {isa = PBXFileReference; lastKnownFileType = sourcecode.c.objc; path = AppDelegate.m; sourceTree = "<group>"; };
		E4D8B01A178809F70070CBFC /* Default.png */ = {isa = PBXFileReference; lastKnownFileType = image.png; path = Default.png; sourceTree = "<group>"; };
		E4D8B01C178809F70070CBFC /* Default@2x.png */ = {isa = PBXFileReference; lastKnownFileType = image.png; path = "Default@2x.png"; sourceTree = "<group>"; };
		E4D8B01E178809F70070CBFC /* Default-568h@2x.png */ = {isa = PBXFileReference; lastKnownFileType = image.png; path = "Default-568h@2x.png"; sourceTree = "<group>"; };
		E4D8B021178809F70070CBFC /* en */ = {isa = PBXFileReference; lastKnownFileType = file.storyboard; name = en; path = en.lproj/MainStoryboard_iPhone.storyboard; sourceTree = "<group>"; };
		E4D8B024178809F70070CBFC /* en */ = {isa = PBXFileReference; lastKnownFileType = file.storyboard; name = en; path = en.lproj/MainStoryboard_iPad.storyboard; sourceTree = "<group>"; };
		E4D8B026178809F70070CBFC /* ViewController.h */ = {isa = PBXFileReference; lastKnownFileType = sourcecode.c.h; path = ViewController.h; sourceTree = "<group>"; };
		E4D8B027178809F70070CBFC /* ViewController.m */ = {isa = PBXFileReference; lastKnownFileType = sourcecode.c.objc; path = ViewController.m; sourceTree = "<group>"; };
		E4D8B03017880A4F0070CBFC /* team_dictionary.plist */ = {isa = PBXFileReference; fileEncoding = 4; lastKnownFileType = text.plist.xml; path = team_dictionary.plist; sourceTree = "<group>"; };
/* End PBXFileReference section */

/* Begin PBXFrameworksBuildPhase section */
		E4D8B002178809F70070CBFC /* Frameworks */ = {
			isa = PBXFrameworksBuildPhase;
			buildActionMask = 2147483647;
			files = (
				E4D8B009178809F70070CBFC /* UIKit.framework in Frameworks */,
				E4D8B00B178809F70070CBFC /* Foundation.framework in Frameworks */,
				E4D8B00D178809F70070CBFC /* CoreGraphics.framework in Frameworks */,
			);
			runOnlyForDeploymentPostprocessing = 0;
		};
/* End PBXFrameworksBuildPhase section */

/* Begin PBXGroup section */
		E4D8AFFC178809F70070CBFC = {
			isa = PBXGroup;
			children = (
				E4D8B00E178809F70070CBFC /* TableView5.3.1 */,
				E4D8B007178809F70070CBFC /* Frameworks */,
				E4D8B006178809F70070CBFC /* Products */,
			);
			sourceTree = "<group>";
		};
		E4D8B006178809F70070CBFC /* Products */ = {
			isa = PBXGroup;
			children = (
				E4D8B005178809F70070CBFC /* TableView5.3.1.app */,
			);
			name = Products;
			sourceTree = "<group>";
		};
		E4D8B007178809F70070CBFC /* Frameworks */ = {
			isa = PBXGroup;
			children = (
				E4D8B008178809F70070CBFC /* UIKit.framework */,
				E4D8B00A178809F70070CBFC /* Foundation.framework */,
				E4D8B00C178809F70070CBFC /* CoreGraphics.framework */,
			);
			name = Frameworks;
			sourceTree = "<group>";
		};
		E4D8B00E178809F70070CBFC /* TableView5.3.1 */ = {
			isa = PBXGroup;
			children = (
				E4D8B03017880A4F0070CBFC /* team_dictionary.plist */,
				E4D8B017178809F70070CBFC /* AppDelegate.h */,
				E4D8B018178809F70070CBFC /* AppDelegate.m */,
				E4D8B020178809F70070CBFC /* MainStoryboard_iPhone.storyboard */,
				E4D8B023178809F70070CBFC /* MainStoryboard_iPad.storyboard */,
				E4D8B026178809F70070CBFC /* ViewController.h */,
				E4D8B027178809F70070CBFC /* ViewController.m */,
				E4D8B00F178809F70070CBFC /* Supporting Files */,
			);
			path = TableView5.3.1;
			sourceTree = "<group>";
		};
		E4D8B00F178809F70070CBFC /* Supporting Files */ = {
			isa = PBXGroup;
			children = (
				E4D8B010178809F70070CBFC /* TableView5.3.1-Info.plist */,
				E4D8B011178809F70070CBFC /* InfoPlist.strings */,
				E4D8B014178809F70070CBFC /* main.m */,
				E4D8B016178809F70070CBFC /* TableView5.3.1-Prefix.pch */,
				E4D8B01A178809F70070CBFC /* Default.png */,
				E4D8B01C178809F70070CBFC /* Default@2x.png */,
				E4D8B01E178809F70070CBFC /* Default-568h@2x.png */,
			);
			name = "Supporting Files";
			sourceTree = "<group>";
		};
/* End PBXGroup section */

/* Begin PBXNativeTarget section */
		E4D8B004178809F70070CBFC /* TableView5.3.1 */ = {
			isa = PBXNativeTarget;
			buildConfigurationList = E4D8B02B178809F70070CBFC /* Build configuration list for PBXNativeTarget "TableView5.3.1" */;
			buildPhases = (
				E4D8B001178809F70070CBFC /* Sources */,
				E4D8B002178809F70070CBFC /* Frameworks */,
				E4D8B003178809F70070CBFC /* Resources */,
			);
			buildRules = (
			);
			dependencies = (
			);
			name = TableView5.3.1;
			productName = TableView5.3.1;
			productReference = E4D8B005178809F70070CBFC /* TableView5.3.1.app */;
			productType = "com.apple.product-type.application";
		};
/* End PBXNativeTarget section */

/* Begin PBXProject section */
		E4D8AFFD178809F70070CBFC /* Project object */ = {
			isa = PBXProject;
			attributes = {
				LastUpgradeCheck = 0460;
				ORGANIZATIONNAME = com.style;
			};
			buildConfigurationList = E4D8B000178809F70070CBFC /* Build configuration list for PBXProject "TableView5.3.1" */;
			compatibilityVersion = "Xcode 3.2";
			developmentRegion = English;
			hasScannedForEncodings = 0;
			knownRegions = (
				en,
			);
			mainGroup = E4D8AFFC178809F70070CBFC;
			productRefGroup = E4D8B006178809F70070CBFC /* Products */;
			projectDirPath = "";
			projectRoot = "";
			targets = (
				E4D8B004178809F70070CBFC /* TableView5.3.1 */,
			);
		};
/* End PBXProject section */

/* Begin PBXResourcesBuildPhase section */
		E4D8B003178809F70070CBFC /* Resources */ = {
			isa = PBXResourcesBuildPhase;
			buildActionMask = 2147483647;
			files = (
				E4D8B013178809F70070CBFC /* InfoPlist.strings in Resources */,
				E4D8B01B178809F70070CBFC /* Default.png in Resources */,
				E4D8B01D178809F70070CBFC /* Default@2x.png in Resources */,
				E4D8B01F178809F70070CBFC /* Default-568h@2x.png in Resources */,
				E4D8B022178809F70070CBFC /* MainStoryboard_iPhone.storyboard in Resources */,
				E4D8B025178809F70070CBFC /* MainStoryboard_iPad.storyboard in Resources */,
				E4D8B03117880A4F0070CBFC /* team_dictionary.plist in Resources */,
			);
			runOnlyForDeploymentPostprocessing = 0;
		};
/* End PBXResourcesBuildPhase section */

/* Begin PBXSourcesBuildPhase section */
		E4D8B001178809F70070CBFC /* Sources */ = {
			isa = PBXSourcesBuildPhase;
			buildActionMask = 2147483647;
			files = (
				E4D8B015178809F70070CBFC /* main.m in Sources */,
				E4D8B019178809F70070CBFC /* AppDelegate.m in Sources */,
				E4D8B028178809F70070CBFC /* ViewController.m in Sources */,
			);
			runOnlyForDeploymentPostprocessing = 0;
		};
/* End PBXSourcesBuildPhase section */

/* Begin PBXVariantGroup section */
		E4D8B011178809F70070CBFC /* InfoPlist.strings */ = {
			isa = PBXVariantGroup;
			children = (
				E4D8B012178809F70070CBFC /* en */,
			);
			name = InfoPlist.strings;
			sourceTree = "<group>";
		};
		E4D8B020178809F70070CBFC /* MainStoryboard_iPhone.storyboard */ = {
			isa = PBXVariantGroup;
			children = (
				E4D8B021178809F70070CBFC /* en */,
			);
			name = MainStoryboard_iPhone.storyboard;
			sourceTree = "<group>";
		};
		E4D8B023178809F70070CBFC /* MainStoryboard_iPad.storyboard */ = {
			isa = PBXVariantGroup;
			children = (
				E4D8B024178809F70070CBFC /* en */,
			);
			name = MainStoryboard_iPad.storyboard;
			sourceTree = "<group>";
		};
/* End PBXVariantGroup section */

/* Begin XCBuildConfiguration section */
		E4D8B029178809F70070CBFC /* Debug */ = {
			isa = XCBuildConfiguration;
			buildSettings = {
				ALWAYS_SEARCH_USER_PATHS = NO;
				CLANG_CXX_LANGUAGE_STANDARD = "gnu++0x";
				CLANG_CXX_LIBRARY = "libc++";
				CLANG_ENABLE_OBJC_ARC = YES;
				CLANG_WARN_CONSTANT_CONVERSION = YES;
				CLANG_WARN_EMPTY_BODY = YES;
				CLANG_WARN_ENUM_CONVERSION = YES;
				CLANG_WARN_INT_CONVERSION = YES;
				CLANG_WARN__DUPLICATE_METHOD_MATCH = YES;
				"CODE_SIGN_IDENTITY[sdk=iphoneos*]" = "iPhone Developer";
				COPY_PHASE_STRIP = NO;
				GCC_C_LANGUAGE_STANDARD = gnu99;
				GCC_DYNAMIC_NO_PIC = NO;
				GCC_OPTIMIZATION_LEVEL = 0;
				GCC_PREPROCESSOR_DEFINITIONS = (
					"DEBUG=1",
					"$(inherited)",
				);
				GCC_SYMBOLS_PRIVATE_EXTERN = NO;
				GCC_WARN_ABOUT_RETURN_TYPE = YES;
				GCC_WARN_UNINITIALIZED_AUTOS = YES;
				GCC_WARN_UNUSED_VARIABLE = YES;
				IPHONEOS_DEPLOYMENT_TARGET = 6.1;
				ONLY_ACTIVE_ARCH = YES;
				SDKROOT = iphoneos;
				TARGETED_DEVICE_FAMILY = "1,2";
			};
			name = Debug;
		};
		E4D8B02A178809F70070CBFC /* Release */ = {
			isa = XCBuildConfiguration;
			buildSettings = {
				ALWAYS_SEARCH_USER_PATHS = NO;
				CLANG_CXX_LANGUAGE_STANDARD = "gnu++0x";
				CLANG_CXX_LIBRARY = "libc++";
				CLANG_ENABLE_OBJC_ARC = YES;
				CLANG_WARN_CONSTANT_CONVERSION = YES;
				CLANG_WARN_EMPTY_BODY = YES;
				CLANG_WARN_ENUM_CONVERSION = YES;
				CLANG_WARN_INT_CONVERSION = YES;
				CLANG_WARN__DUPLICATE_METHOD_MATCH = YES;
				"CODE_SIGN_IDENTITY[sdk=iphoneos*]" = "iPhone Developer";
				COPY_PHASE_STRIP = YES;
				GCC_C_LANGUAGE_STANDARD = gnu99;
				GCC_WARN_ABOUT_RETURN_TYPE = YES;
				GCC_WARN_UNINITIALIZED_AUTOS = YES;
				GCC_WARN_UNUSED_VARIABLE = YES;
				IPHONEOS_DEPLOYMENT_TARGET = 6.1;
				OTHER_CFLAGS = "-DNS_BLOCK_ASSERTIONS=1";
				SDKROOT = iphoneos;
				TARGETED_DEVICE_FAMILY = "1,2";
				VALIDATE_PRODUCT = YES;
			};
			name = Release;
		};
		E4D8B02C178809F70070CBFC /* Debug */ = {
			isa = XCBuildConfiguration;
			buildSettings = {
				GCC_PRECOMPILE_PREFIX_HEADER = YES;
				GCC_PREFIX_HEADER = "TableView5.3.1/TableView5.3.1-Prefix.pch";
				INFOPLIST_FILE = "TableView5.3.1/TableView5.3.1-Info.plist";
				PRODUCT_NAME = "$(TARGET_NAME)";
				WRAPPER_EXTENSION = app;
			};
			name = Debug;
		};
		E4D8B02D178809F70070CBFC /* Release */ = {
			isa = XCBuildConfiguration;
			buildSettings = {
				GCC_PRECOMPILE_PREFIX_HEADER = YES;
				GCC_PREFIX_HEADER = "TableView5.3.1/TableView5.3.1-Prefix.pch";
				INFOPLIST_FILE = "TableView5.3.1/TableView5.3.1-Info.plist";
				PRODUCT_NAME = "$(TARGET_NAME)";
				WRAPPER_EXTENSION = app;
			};
			name = Release;
		};
/* End XCBuildConfiguration section */

/* Begin XCConfigurationList section */
		E4D8B000178809F70070CBFC /* Build configuration list for PBXProject "TableView5.3.1" */ = {
			isa = XCConfigurationList;
			buildConfigurations = (
				E4D8B029178809F70070CBFC /* Debug */,
				E4D8B02A178809F70070CBFC /* Release */,
			);
			defaultConfigurationIsVisible = 0;
			defaultConfigurationName = Release;
		};
		E4D8B02B178809F70070CBFC /* Build configuration list for PBXNativeTarget "TableView5.3.1" */ = {
			isa = XCConfigurationList;
			buildConfigurations = (
				E4D8B02C178809F70070CBFC /* Debug */,
				E4D8B02D178809F70070CBFC /* Release */,
			);
			defaultConfigurationIsVisible = 0;
		};
/* End XCConfigurationList section */
	};
	rootObject = E4D8AFFD178809F70070CBFC /* Project object */;
}
